
Microsoft Visual Studio Solution File, Format Version 11.00
# Visual Studio 2010
Project("{FAE04EC0-301F-11D3-BF4B-00C04F79EFBC}") = "Space", "Space\Space.csproj", "{741E4221-8179-483D-B5F2-903AD1B709C8}"
EndProject
Project("{FAE04EC0-301F-11D3-BF4B-00C04F79EFBC}") = "Space.Game", "Space.Game\Space.Game.csproj", "{91AC2368-ABD5-4360-8F5E-10771D784FAB}"
EndProject
Project("{FAE04EC0-301F-11D3-BF4B-00C04F79EFBC}") = "Space.Console", "Space.Console\Space.Console.csproj", "{93B79600-6851-4460-B4D1-2890836B4087}"
EndProject
Project("{FAE04EC0-301F-11D3-BF4B-00C04F79EFBC}") = "Space.Repository", "Space.Repository\Space.Repository.csproj", "{B1E3719F-2086-4819-B4E9-4FF0F7FE0A95}"
EndProject
Project("{FAE04EC0-301F-11D3-BF4B-00C04F79EFBC}") = "Space.DTO", "Space.DTO\Space.DTO.csproj", "{F7DCC309-53AC-41F0-ACE8-DD54ED548C58}"
EndProject
Project("{FAE04EC0-301F-11D3-BF4B-00C04F79EFBC}") = "Space.Repository.EF", "Space.Repository.EF\Space.Repository.EF.csproj", "{669CB55D-6E63-45F7-8BE5-79B6D2D19517}"
EndProject
Project("{FAE04EC0-301F-11D3-BF4B-00C04F79EFBC}") = "Space.Infrastructure", "Space.Infrastructure\Space.Infrastructure.csproj", "{C06BD5FC-4D83-470A-A6FE-77744B42CC41}"
EndProject
Project("{FAE04EC0-301F-11D3-BF4B-00C04F79EFBC}") = "Space.DTO.Entities", "Space.DTO.Entities\Space.DTO.Entities.csproj", "{64FD28DF-512F-469D-93B9-00394BF05588}"
EndProject
Project("{FAE04EC0-301F-11D3-BF4B-00C04F79EFBC}") = "Space.Game.Tests", "Space.Game.Tests\Space.Game.Tests.csproj", "{F5394978-3C98-4D02-B346-ED44C4AF3145}"
EndProject
Project("{FAE04EC0-301F-11D3-BF4B-00C04F79EFBC}") = "Space.Scheduler", "Space.Scheduler\Space.Scheduler.csproj", "{E8C80230-8525-480C-9B6A-C3277140F720}"
EndProject
Project("{FAE04EC0-301F-11D3-BF4B-00C04F79EFBC}") = "Space.Scheduler.Quartz", "Space.Scheduler.Quartz\Space.Scheduler.Quartz.csproj", "{C88B01DF-0D54-4CE5-B825-A26F10B0B54C}"
EndProject
Project("{FAE04EC0-301F-11D3-BF4B-00C04F79EFBC}") = "Space.Scheduler.Quartz.Tests", "Space.Scheduler.Quartz.Tests\Space.Scheduler.Quartz.Tests.csproj", "{A46B3D33-CAB2-4F5D-AE19-84B5D676598D}"
EndProject
Project("{FAE04EC0-301F-11D3-BF4B-00C04F79EFBC}") = "Space.Scheduler.Tests", "Space.Scheduler.Tests\Space.Scheduler.Tests.csproj", "{8D2AD98D-EBB9-462C-951B-1DAFFCBC99D5}"
EndProject
Global
	GlobalSection(SolutionConfigurationPlatforms) = preSolution
		Debug|Any CPU = Debug|Any CPU
		Debug|Mixed Platforms = Debug|Mixed Platforms
		Debug|x86 = Debug|x86
		Release|Any CPU = Release|Any CPU
		Release|Mixed Platforms = Release|Mixed Platforms
		Release|x86 = Release|x86
	EndGlobalSection
	GlobalSection(ProjectConfigurationPlatforms) = postSolution
		{741E4221-8179-483D-B5F2-903AD1B709C8}.Debug|Any CPU.ActiveCfg = Debug|Any CPU
		{741E4221-8179-483D-B5F2-903AD1B709C8}.Debug|Any CPU.Build.0 = Debug|Any CPU
		{741E4221-8179-483D-B5F2-903AD1B709C8}.Debug|Mixed Platforms.ActiveCfg = Debug|Any CPU
		{741E4221-8179-483D-B5F2-903AD1B709C8}.Debug|Mixed Platforms.Build.0 = Debug|Any CPU
		{741E4221-8179-483D-B5F2-903AD1B709C8}.Debug|x86.ActiveCfg = Debug|Any CPU
		{741E4221-8179-483D-B5F2-903AD1B709C8}.Release|Any CPU.ActiveCfg = Release|Any CPU
		{741E4221-8179-483D-B5F2-903AD1B709C8}.Release|Any CPU.Build.0 = Release|Any CPU
		{741E4221-8179-483D-B5F2-903AD1B709C8}.Release|Mixed Platforms.ActiveCfg = Release|Any CPU
		{741E4221-8179-483D-B5F2-903AD1B709C8}.Release|Mixed Platforms.Build.0 = Release|Any CPU
		{741E4221-8179-483D-B5F2-903AD1B709C8}.Release|x86.ActiveCfg = Release|Any CPU
		{91AC2368-ABD5-4360-8F5E-10771D784FAB}.Debug|Any CPU.ActiveCfg = Debug|Any CPU
		{91AC2368-ABD5-4360-8F5E-10771D784FAB}.Debug|Any CPU.Build.0 = Debug|Any CPU
		{91AC2368-ABD5-4360-8F5E-10771D784FAB}.Debug|Mixed Platforms.ActiveCfg = Debug|Any CPU
		{91AC2368-ABD5-4360-8F5E-10771D784FAB}.Debug|Mixed Platforms.Build.0 = Debug|Any CPU
		{91AC2368-ABD5-4360-8F5E-10771D784FAB}.Debug|x86.ActiveCfg = Debug|Any CPU
		{91AC2368-ABD5-4360-8F5E-10771D784FAB}.Release|Any CPU.ActiveCfg = Release|Any CPU
		{91AC2368-ABD5-4360-8F5E-10771D784FAB}.Release|Any CPU.Build.0 = Release|Any CPU
		{91AC2368-ABD5-4360-8F5E-10771D784FAB}.Release|Mixed Platforms.ActiveCfg = Release|Any CPU
		{91AC2368-ABD5-4360-8F5E-10771D784FAB}.Release|Mixed Platforms.Build.0 = Release|Any CPU
		{91AC2368-ABD5-4360-8F5E-10771D784FAB}.Release|x86.ActiveCfg = Release|Any CPU
		{93B79600-6851-4460-B4D1-2890836B4087}.Debug|Any CPU.ActiveCfg = Debug|x86
		{93B79600-6851-4460-B4D1-2890836B4087}.Debug|Mixed Platforms.ActiveCfg = Debug|x86
		{93B79600-6851-4460-B4D1-2890836B4087}.Debug|Mixed Platforms.Build.0 = Debug|x86
		{93B79600-6851-4460-B4D1-2890836B4087}.Debug|x86.ActiveCfg = Debug|x86
		{93B79600-6851-4460-B4D1-2890836B4087}.Debug|x86.Build.0 = Debug|x86
		{93B79600-6851-4460-B4D1-2890836B4087}.Release|Any CPU.ActiveCfg = Release|x86
		{93B79600-6851-4460-B4D1-2890836B4087}.Release|Mixed Platforms.ActiveCfg = Release|x86
		{93B79600-6851-4460-B4D1-2890836B4087}.Release|Mixed Platforms.Build.0 = Release|x86
		{93B79600-6851-4460-B4D1-2890836B4087}.Release|x86.ActiveCfg = Release|x86
		{93B79600-6851-4460-B4D1-2890836B4087}.Release|x86.Build.0 = Release|x86
		{B1E3719F-2086-4819-B4E9-4FF0F7FE0A95}.Debug|Any CPU.ActiveCfg = Debug|Any CPU
		{B1E3719F-2086-4819-B4E9-4FF0F7FE0A95}.Debug|Any CPU.Build.0 = Debug|Any CPU
		{B1E3719F-2086-4819-B4E9-4FF0F7FE0A95}.Debug|Mixed Platforms.ActiveCfg = Debug|Any CPU
		{B1E3719F-2086-4819-B4E9-4FF0F7FE0A95}.Debug|Mixed Platforms.Build.0 = Debug|Any CPU
		{B1E3719F-2086-4819-B4E9-4FF0F7FE0A95}.Debug|x86.ActiveCfg = Debug|Any CPU
		{B1E3719F-2086-4819-B4E9-4FF0F7FE0A95}.Release|Any CPU.ActiveCfg = Release|Any CPU
		{B1E3719F-2086-4819-B4E9-4FF0F7FE0A95}.Release|Any CPU.Build.0 = Release|Any CPU
		{B1E3719F-2086-4819-B4E9-4FF0F7FE0A95}.Release|Mixed Platforms.ActiveCfg = Release|Any CPU
		{B1E3719F-2086-4819-B4E9-4FF0F7FE0A95}.Release|Mixed Platforms.Build.0 = Release|Any CPU
		{B1E3719F-2086-4819-B4E9-4FF0F7FE0A95}.Release|x86.ActiveCfg = Release|Any CPU
		{F7DCC309-53AC-41F0-ACE8-DD54ED548C58}.Debug|Any CPU.ActiveCfg = Debug|Any CPU
		{F7DCC309-53AC-41F0-ACE8-DD54ED548C58}.Debug|Any CPU.Build.0 = Debug|Any CPU
		{F7DCC309-53AC-41F0-ACE8-DD54ED548C58}.Debug|Mixed Platforms.ActiveCfg = Debug|Any CPU
		{F7DCC309-53AC-41F0-ACE8-DD54ED548C58}.Debug|Mixed Platforms.Build.0 = Debug|Any CPU
		{F7DCC309-53AC-41F0-ACE8-DD54ED548C58}.Debug|x86.ActiveCfg = Debug|Any CPU
		{F7DCC309-53AC-41F0-ACE8-DD54ED548C58}.Release|Any CPU.ActiveCfg = Release|Any CPU
		{F7DCC309-53AC-41F0-ACE8-DD54ED548C58}.Release|Any CPU.Build.0 = Release|Any CPU
		{F7DCC309-53AC-41F0-ACE8-DD54ED548C58}.Release|Mixed Platforms.ActiveCfg = Release|Any CPU
		{F7DCC309-53AC-41F0-ACE8-DD54ED548C58}.Release|Mixed Platforms.Build.0 = Release|Any CPU
		{F7DCC309-53AC-41F0-ACE8-DD54ED548C58}.Release|x86.ActiveCfg = Release|Any CPU
		{669CB55D-6E63-45F7-8BE5-79B6D2D19517}.Debug|Any CPU.ActiveCfg = Debug|Any CPU
		{669CB55D-6E63-45F7-8BE5-79B6D2D19517}.Debug|Any CPU.Build.0 = Debug|Any CPU
		{669CB55D-6E63-45F7-8BE5-79B6D2D19517}.Debug|Mixed Platforms.ActiveCfg = Debug|Any CPU
		{669CB55D-6E63-45F7-8BE5-79B6D2D19517}.Debug|Mixed Platforms.Build.0 = Debug|Any CPU
		{669CB55D-6E63-45F7-8BE5-79B6D2D19517}.Debug|x86.ActiveCfg = Debug|Any CPU
		{669CB55D-6E63-45F7-8BE5-79B6D2D19517}.Release|Any CPU.ActiveCfg = Release|Any CPU
		{669CB55D-6E63-45F7-8BE5-79B6D2D19517}.Release|Any CPU.Build.0 = Release|Any CPU
		{669CB55D-6E63-45F7-8BE5-79B6D2D19517}.Release|Mixed Platforms.ActiveCfg = Release|Any CPU
		{669CB55D-6E63-45F7-8BE5-79B6D2D19517}.Release|Mixed Platforms.Build.0 = Release|Any CPU
		{669CB55D-6E63-45F7-8BE5-79B6D2D19517}.Release|x86.ActiveCfg = Release|Any CPU
		{C06BD5FC-4D83-470A-A6FE-77744B42CC41}.Debug|Any CPU.ActiveCfg = Debug|Any CPU
		{C06BD5FC-4D83-470A-A6FE-77744B42CC41}.Debug|Any CPU.Build.0 = Debug|Any CPU
		{C06BD5FC-4D83-470A-A6FE-77744B42CC41}.Debug|Mixed Platforms.ActiveCfg = Debug|Any CPU
		{C06BD5FC-4D83-470A-A6FE-77744B42CC41}.Debug|Mixed Platforms.Build.0 = Debug|Any CPU
		{C06BD5FC-4D83-470A-A6FE-77744B42CC41}.Debug|x86.ActiveCfg = Debug|Any CPU
		{C06BD5FC-4D83-470A-A6FE-77744B42CC41}.Release|Any CPU.ActiveCfg = Release|Any CPU
		{C06BD5FC-4D83-470A-A6FE-77744B42CC41}.Release|Any CPU.Build.0 = Release|Any CPU
		{C06BD5FC-4D83-470A-A6FE-77744B42CC41}.Release|Mixed Platforms.ActiveCfg = Release|Any CPU
		{C06BD5FC-4D83-470A-A6FE-77744B42CC41}.Release|Mixed Platforms.Build.0 = Release|Any CPU
		{C06BD5FC-4D83-470A-A6FE-77744B42CC41}.Release|x86.ActiveCfg = Release|Any CPU
		{64FD28DF-512F-469D-93B9-00394BF05588}.Debug|Any CPU.ActiveCfg = Debug|Any CPU
		{64FD28DF-512F-469D-93B9-00394BF05588}.Debug|Any CPU.Build.0 = Debug|Any CPU
		{64FD28DF-512F-469D-93B9-00394BF05588}.Debug|Mixed Platforms.ActiveCfg = Debug|Any CPU
		{64FD28DF-512F-469D-93B9-00394BF05588}.Debug|Mixed Platforms.Build.0 = Debug|Any CPU
		{64FD28DF-512F-469D-93B9-00394BF05588}.Debug|x86.ActiveCfg = Debug|Any CPU
		{64FD28DF-512F-469D-93B9-00394BF05588}.Release|Any CPU.ActiveCfg = Release|Any CPU
		{64FD28DF-512F-469D-93B9-00394BF05588}.Release|Any CPU.Build.0 = Release|Any CPU
		{64FD28DF-512F-469D-93B9-00394BF05588}.Release|Mixed Platforms.ActiveCfg = Release|Any CPU
		{64FD28DF-512F-469D-93B9-00394BF05588}.Release|Mixed Platforms.Build.0 = Release|Any CPU
		{64FD28DF-512F-469D-93B9-00394BF05588}.Release|x86.ActiveCfg = Release|Any CPU
		{F5394978-3C98-4D02-B346-ED44C4AF3145}.Debug|Any CPU.ActiveCfg = Debug|Any CPU
		{F5394978-3C98-4D02-B346-ED44C4AF3145}.Debug|Any CPU.Build.0 = Debug|Any CPU
		{F5394978-3C98-4D02-B346-ED44C4AF3145}.Debug|Mixed Platforms.ActiveCfg = Debug|Any CPU
		{F5394978-3C98-4D02-B346-ED44C4AF3145}.Debug|Mixed Platforms.Build.0 = Debug|Any CPU
		{F5394978-3C98-4D02-B346-ED44C4AF3145}.Debug|x86.ActiveCfg = Debug|Any CPU
		{F5394978-3C98-4D02-B346-ED44C4AF3145}.Release|Any CPU.ActiveCfg = Release|Any CPU
		{F5394978-3C98-4D02-B346-ED44C4AF3145}.Release|Any CPU.Build.0 = Release|Any CPU
		{F5394978-3C98-4D02-B346-ED44C4AF3145}.Release|Mixed Platforms.ActiveCfg = Release|Any CPU
		{F5394978-3C98-4D02-B346-ED44C4AF3145}.Release|Mixed Platforms.Build.0 = Release|Any CPU
		{F5394978-3C98-4D02-B346-ED44C4AF3145}.Release|x86.ActiveCfg = Release|Any CPU
		{E8C80230-8525-480C-9B6A-C3277140F720}.Debug|Any CPU.ActiveCfg = Debug|Any CPU
		{E8C80230-8525-480C-9B6A-C3277140F720}.Debug|Any CPU.Build.0 = Debug|Any CPU
		{E8C80230-8525-480C-9B6A-C3277140F720}.Debug|Mixed Platforms.ActiveCfg = Debug|Any CPU
		{E8C80230-8525-480C-9B6A-C3277140F720}.Debug|Mixed Platforms.Build.0 = Debug|Any CPU
		{E8C80230-8525-480C-9B6A-C3277140F720}.Debug|x86.ActiveCfg = Debug|Any CPU
		{E8C80230-8525-480C-9B6A-C3277140F720}.Release|Any CPU.ActiveCfg = Release|Any CPU
		{E8C80230-8525-480C-9B6A-C3277140F720}.Release|Any CPU.Build.0 = Release|Any CPU
		{E8C80230-8525-480C-9B6A-C3277140F720}.Release|Mixed Platforms.ActiveCfg = Release|Any CPU
		{E8C80230-8525-480C-9B6A-C3277140F720}.Release|Mixed Platforms.Build.0 = Release|Any CPU
		{E8C80230-8525-480C-9B6A-C3277140F720}.Release|x86.ActiveCfg = Release|Any CPU
		{C88B01DF-0D54-4CE5-B825-A26F10B0B54C}.Debug|Any CPU.ActiveCfg = Debug|Any CPU
		{C88B01DF-0D54-4CE5-B825-A26F10B0B54C}.Debug|Any CPU.Build.0 = Debug|Any CPU
		{C88B01DF-0D54-4CE5-B825-A26F10B0B54C}.Debug|Mixed Platforms.ActiveCfg = Debug|Any CPU
		{C88B01DF-0D54-4CE5-B825-A26F10B0B54C}.Debug|Mixed Platforms.Build.0 = Debug|Any CPU
		{C88B01DF-0D54-4CE5-B825-A26F10B0B54C}.Debug|x86.ActiveCfg = Debug|Any CPU
		{C88B01DF-0D54-4CE5-B825-A26F10B0B54C}.Release|Any CPU.ActiveCfg = Release|Any CPU
		{C88B01DF-0D54-4CE5-B825-A26F10B0B54C}.Release|Any CPU.Build.0 = Release|Any CPU
		{C88B01DF-0D54-4CE5-B825-A26F10B0B54C}.Release|Mixed Platforms.ActiveCfg = Release|Any CPU
		{C88B01DF-0D54-4CE5-B825-A26F10B0B54C}.Release|Mixed Platforms.Build.0 = Release|Any CPU
		{C88B01DF-0D54-4CE5-B825-A26F10B0B54C}.Release|x86.ActiveCfg = Release|Any CPU
		{A46B3D33-CAB2-4F5D-AE19-84B5D676598D}.Debug|Any CPU.ActiveCfg = Debug|Any CPU
		{A46B3D33-CAB2-4F5D-AE19-84B5D676598D}.Debug|Any CPU.Build.0 = Debug|Any CPU
		{A46B3D33-CAB2-4F5D-AE19-84B5D676598D}.Debug|Mixed Platforms.ActiveCfg = Debug|Any CPU
		{A46B3D33-CAB2-4F5D-AE19-84B5D676598D}.Debug|Mixed Platforms.Build.0 = Debug|Any CPU
		{A46B3D33-CAB2-4F5D-AE19-84B5D676598D}.Debug|x86.ActiveCfg = Debug|Any CPU
		{A46B3D33-CAB2-4F5D-AE19-84B5D676598D}.Release|Any CPU.ActiveCfg = Release|Any CPU
		{A46B3D33-CAB2-4F5D-AE19-84B5D676598D}.Release|Any CPU.Build.0 = Release|Any CPU
		{A46B3D33-CAB2-4F5D-AE19-84B5D676598D}.Release|Mixed Platforms.ActiveCfg = Release|Any CPU
		{A46B3D33-CAB2-4F5D-AE19-84B5D676598D}.Release|Mixed Platforms.Build.0 = Release|Any CPU
		{A46B3D33-CAB2-4F5D-AE19-84B5D676598D}.Release|x86.ActiveCfg = Release|Any CPU
		{8D2AD98D-EBB9-462C-951B-1DAFFCBC99D5}.Debug|Any CPU.ActiveCfg = Debug|Any CPU
		{8D2AD98D-EBB9-462C-951B-1DAFFCBC99D5}.Debug|Any CPU.Build.0 = Debug|Any CPU
		{8D2AD98D-EBB9-462C-951B-1DAFFCBC99D5}.Debug|Mixed Platforms.ActiveCfg = Debug|Any CPU
		{8D2AD98D-EBB9-462C-951B-1DAFFCBC99D5}.Debug|Mixed Platforms.Build.0 = Debug|Any CPU
		{8D2AD98D-EBB9-462C-951B-1DAFFCBC99D5}.Debug|x86.ActiveCfg = Debug|Any CPU
		{8D2AD98D-EBB9-462C-951B-1DAFFCBC99D5}.Release|Any CPU.ActiveCfg = Release|Any CPU
		{8D2AD98D-EBB9-462C-951B-1DAFFCBC99D5}.Release|Any CPU.Build.0 = Release|Any CPU
		{8D2AD98D-EBB9-462C-951B-1DAFFCBC99D5}.Release|Mixed Platforms.ActiveCfg = Release|Any CPU
		{8D2AD98D-EBB9-462C-951B-1DAFFCBC99D5}.Release|Mixed Platforms.Build.0 = Release|Any CPU
		{8D2AD98D-EBB9-462C-951B-1DAFFCBC99D5}.Release|x86.ActiveCfg = Release|Any CPU
	EndGlobalSection
	GlobalSection(SolutionProperties) = preSolution
		HideSolutionNode = FALSE
	EndGlobalSection
EndGlobal
